// !$*UTF8*$!
{
	archiveVersion = 1;
	classes = {
	};
	objectVersion = 56;
	objects = {

/* Begin PBXBuildFile section */
		51096FD02BB6E41100E58D6E /* Arbiter.swift in Sources */ = {isa = PBXBuildFile; fileRef = 51096FCF2BB6E41100E58D6E /* Arbiter.swift */; };
		51096FD22BB6E51700E58D6E /* PhysicsWorld.swift in Sources */ = {isa = PBXBuildFile; fileRef = 51096FD12BB6E51700E58D6E /* PhysicsWorld.swift */; };
		51096FD62BB6E57200E58D6E /* Body.swift in Sources */ = {isa = PBXBuildFile; fileRef = 51096FD52BB6E57200E58D6E /* Body.swift */; };
		51096FD82BB6EABA00E58D6E /* PhysicsMath.swift in Sources */ = {isa = PBXBuildFile; fileRef = 51096FD72BB6EABA00E58D6E /* PhysicsMath.swift */; };
		510A70722BBD8E6B00B0D6FD /* Dirt.png in Resources */ = {isa = PBXBuildFile; fileRef = 510A70712BBD8E6B00B0D6FD /* Dirt.png */; };
		510A70752BBDAB6800B0D6FD /* cobblestone.png in Resources */ = {isa = PBXBuildFile; fileRef = 510A70732BBDAB6800B0D6FD /* cobblestone.png */; };
		510A70762BBDAB6800B0D6FD /* pumpkin.png in Resources */ = {isa = PBXBuildFile; fileRef = 510A70742BBDAB6800B0D6FD /* pumpkin.png */; };
		5150A8C12B95FE0100C55F6F /* SpeedShader.metal in Sources */ = {isa = PBXBuildFile; fileRef = 5150A8C02B95FE0100C55F6F /* SpeedShader.metal */; };
		5150A8C32B95FF7000C55F6F /* SpeedTexture.png in Resources */ = {isa = PBXBuildFile; fileRef = 5150A8C22B95FF7000C55F6F /* SpeedTexture.png */; };
		5150A8C52B961A7F00C55F6F /* FluidWorld.swift in Sources */ = {isa = PBXBuildFile; fileRef = 5150A8C42B961A7F00C55F6F /* FluidWorld.swift */; };
		515817B82BB5C0750046253D /* Collide.swift in Sources */ = {isa = PBXBuildFile; fileRef = 515817B72BB5C0750046253D /* Collide.swift */; };
		51A191302B96513A0052B8AE /* SwiftUIInterface.swift in Sources */ = {isa = PBXBuildFile; fileRef = 51A1912F2B96513A0052B8AE /* SwiftUIInterface.swift */; };
		51B99F812B94D0E700CCBD14 /* BackgroundTexture2.png in Resources */ = {isa = PBXBuildFile; fileRef = 51B99F802B94D0E700CCBD14 /* BackgroundTexture2.png */; };
		51DDFC0D2B8FA1F900DF202B /* RenderMath.swift in Sources */ = {isa = PBXBuildFile; fileRef = 51DDFC0C2B8FA1F900DF202B /* RenderMath.swift */; };
		51DDFC0F2B8FA9A200DF202B /* Camera.swift in Sources */ = {isa = PBXBuildFile; fileRef = 51DDFC0E2B8FA9A200DF202B /* Camera.swift */; };
		51DDFC112B8FB2A800DF202B /* Mesh.swift in Sources */ = {isa = PBXBuildFile; fileRef = 51DDFC102B8FB2A800DF202B /* Mesh.swift */; };
		51DDFC132B8FB41700DF202B /* MeshLibrary.swift in Sources */ = {isa = PBXBuildFile; fileRef = 51DDFC122B8FB41700DF202B /* MeshLibrary.swift */; };
		51DDFC162B8FBB6400DF202B /* TextureGray.png in Resources */ = {isa = PBXBuildFile; fileRef = 51DDFC142B8FBB6300DF202B /* TextureGray.png */; };
		51DDFC172B8FBB6400DF202B /* TextureOrange.png in Resources */ = {isa = PBXBuildFile; fileRef = 51DDFC152B8FBB6300DF202B /* TextureOrange.png */; };
		51DDFC192B8FBB7F00DF202B /* TextureLibrary.swift in Sources */ = {isa = PBXBuildFile; fileRef = 51DDFC182B8FBB7F00DF202B /* TextureLibrary.swift */; };
		51DFFE932B9056A2005329D8 /* BackgroundTexture1.png in Resources */ = {isa = PBXBuildFile; fileRef = 51DFFE922B9056A2005329D8 /* BackgroundTexture1.png */; };
		51DFFE952B905781005329D8 /* Background.swift in Sources */ = {isa = PBXBuildFile; fileRef = 51DFFE942B905781005329D8 /* Background.swift */; };
		51DFFE972B910840005329D8 /* BackgroundShaders.metal in Sources */ = {isa = PBXBuildFile; fileRef = 51DFFE962B910840005329D8 /* BackgroundShaders.metal */; };
		51DFFE992B910852005329D8 /* Shared.metal in Sources */ = {isa = PBXBuildFile; fileRef = 51DFFE982B910852005329D8 /* Shared.metal */; };
		51DFFE9B2B9108AD005329D8 /* RenderPipelineStateLibrary.swift in Sources */ = {isa = PBXBuildFile; fileRef = 51DFFE9A2B9108AD005329D8 /* RenderPipelineStateLibrary.swift */; };
		51DFFE9D2B910929005329D8 /* ShaderLibrary.swift in Sources */ = {isa = PBXBuildFile; fileRef = 51DFFE9C2B910929005329D8 /* ShaderLibrary.swift */; };
		51DFFE9F2B924B26005329D8 /* Input.swift in Sources */ = {isa = PBXBuildFile; fileRef = 51DFFE9E2B924B26005329D8 /* Input.swift */; };
		51F008542B8DB98F00745EE9 /* Metal2DApp.swift in Sources */ = {isa = PBXBuildFile; fileRef = 51F008532B8DB98F00745EE9 /* Metal2DApp.swift */; };
		51F008562B8DB98F00745EE9 /* ContentView.swift in Sources */ = {isa = PBXBuildFile; fileRef = 51F008552B8DB98F00745EE9 /* ContentView.swift */; };
		51F008582B8DB99100745EE9 /* Assets.xcassets in Resources */ = {isa = PBXBuildFile; fileRef = 51F008572B8DB99100745EE9 /* Assets.xcassets */; };
		51F0085B2B8DB99100745EE9 /* Preview Assets.xcassets in Resources */ = {isa = PBXBuildFile; fileRef = 51F0085A2B8DB99100745EE9 /* Preview Assets.xcassets */; };
		51F008662B8DB9D900745EE9 /* GameView.swift in Sources */ = {isa = PBXBuildFile; fileRef = 51F008652B8DB9D900745EE9 /* GameView.swift */; };
		51F008682B8DBAA700745EE9 /* Renderer.swift in Sources */ = {isa = PBXBuildFile; fileRef = 51F008672B8DBAA700745EE9 /* Renderer.swift */; };
		51F0086A2B8DBD5D00745EE9 /* Core.swift in Sources */ = {isa = PBXBuildFile; fileRef = 51F008692B8DBD5D00745EE9 /* Core.swift */; };
		51F0086C2B8DBEEC00745EE9 /* GameScene.swift in Sources */ = {isa = PBXBuildFile; fileRef = 51F0086B2B8DBEEC00745EE9 /* GameScene.swift */; };
		51F0086E2B8DBF1100745EE9 /* Node.swift in Sources */ = {isa = PBXBuildFile; fileRef = 51F0086D2B8DBF1100745EE9 /* Node.swift */; };
		51F008702B8DC12200745EE9 /* SandboxScene.swift in Sources */ = {isa = PBXBuildFile; fileRef = 51F0086F2B8DC12200745EE9 /* SandboxScene.swift */; };
		51F008722B8E69FF00745EE9 /* BasicShaders.metal in Sources */ = {isa = PBXBuildFile; fileRef = 51F008712B8E69FF00745EE9 /* BasicShaders.metal */; };
		51F008742B8E6CE900745EE9 /* MetalTypes.swift in Sources */ = {isa = PBXBuildFile; fileRef = 51F008732B8E6CE900745EE9 /* MetalTypes.swift */; };
/* End PBXBuildFile section */

/* Begin PBXFileReference section */
		51096FCF2BB6E41100E58D6E /* Arbiter.swift */ = {isa = PBXFileReference; lastKnownFileType = sourcecode.swift; path = Arbiter.swift; sourceTree = "<group>"; };
		51096FD12BB6E51700E58D6E /* PhysicsWorld.swift */ = {isa = PBXFileReference; lastKnownFileType = sourcecode.swift; path = PhysicsWorld.swift; sourceTree = "<group>"; };
		51096FD52BB6E57200E58D6E /* Body.swift */ = {isa = PBXFileReference; lastKnownFileType = sourcecode.swift; path = Body.swift; sourceTree = "<group>"; };
		51096FD72BB6EABA00E58D6E /* PhysicsMath.swift */ = {isa = PBXFileReference; lastKnownFileType = sourcecode.swift; path = PhysicsMath.swift; sourceTree = "<group>"; };
		510A70712BBD8E6B00B0D6FD /* Dirt.png */ = {isa = PBXFileReference; lastKnownFileType = image.png; path = Dirt.png; sourceTree = "<group>"; };
		510A70732BBDAB6800B0D6FD /* cobblestone.png */ = {isa = PBXFileReference; lastKnownFileType = image.png; path = cobblestone.png; sourceTree = "<group>"; };
		510A70742BBDAB6800B0D6FD /* pumpkin.png */ = {isa = PBXFileReference; lastKnownFileType = image.png; path = pumpkin.png; sourceTree = "<group>"; };
		5150A8C02B95FE0100C55F6F /* SpeedShader.metal */ = {isa = PBXFileReference; lastKnownFileType = sourcecode.metal; path = SpeedShader.metal; sourceTree = "<group>"; };
		5150A8C22B95FF7000C55F6F /* SpeedTexture.png */ = {isa = PBXFileReference; lastKnownFileType = image.png; path = SpeedTexture.png; sourceTree = "<group>"; };
		5150A8C42B961A7F00C55F6F /* FluidWorld.swift */ = {isa = PBXFileReference; lastKnownFileType = sourcecode.swift; path = FluidWorld.swift; sourceTree = "<group>"; };
		515817B72BB5C0750046253D /* Collide.swift */ = {isa = PBXFileReference; lastKnownFileType = sourcecode.swift; path = Collide.swift; sourceTree = "<group>"; };
		51A1912F2B96513A0052B8AE /* SwiftUIInterface.swift */ = {isa = PBXFileReference; lastKnownFileType = sourcecode.swift; path = SwiftUIInterface.swift; sourceTree = "<group>"; };
		51B99F802B94D0E700CCBD14 /* BackgroundTexture2.png */ = {isa = PBXFileReference; lastKnownFileType = image.png; path = BackgroundTexture2.png; sourceTree = "<group>"; };
		51DDFC0C2B8FA1F900DF202B /* RenderMath.swift */ = {isa = PBXFileReference; lastKnownFileType = sourcecode.swift; path = RenderMath.swift; sourceTree = "<group>"; };
		51DDFC0E2B8FA9A200DF202B /* Camera.swift */ = {isa = PBXFileReference; lastKnownFileType = sourcecode.swift; path = Camera.swift; sourceTree = "<group>"; };
		51DDFC102B8FB2A800DF202B /* Mesh.swift */ = {isa = PBXFileReference; lastKnownFileType = sourcecode.swift; path = Mesh.swift; sourceTree = "<group>"; };
		51DDFC122B8FB41700DF202B /* MeshLibrary.swift */ = {isa = PBXFileReference; lastKnownFileType = sourcecode.swift; path = MeshLibrary.swift; sourceTree = "<group>"; };
		51DDFC142B8FBB6300DF202B /* TextureGray.png */ = {isa = PBXFileReference; lastKnownFileType = image.png; path = TextureGray.png; sourceTree = "<group>"; };
		51DDFC152B8FBB6300DF202B /* TextureOrange.png */ = {isa = PBXFileReference; lastKnownFileType = image.png; path = TextureOrange.png; sourceTree = "<group>"; };
		51DDFC182B8FBB7F00DF202B /* TextureLibrary.swift */ = {isa = PBXFileReference; lastKnownFileType = sourcecode.swift; path = TextureLibrary.swift; sourceTree = "<group>"; };
		51DFFE922B9056A2005329D8 /* BackgroundTexture1.png */ = {isa = PBXFileReference; lastKnownFileType = image.png; path = BackgroundTexture1.png; sourceTree = "<group>"; };
		51DFFE942B905781005329D8 /* Background.swift */ = {isa = PBXFileReference; lastKnownFileType = sourcecode.swift; path = Background.swift; sourceTree = "<group>"; };
		51DFFE962B910840005329D8 /* BackgroundShaders.metal */ = {isa = PBXFileReference; lastKnownFileType = sourcecode.metal; path = BackgroundShaders.metal; sourceTree = "<group>"; };
		51DFFE982B910852005329D8 /* Shared.metal */ = {isa = PBXFileReference; lastKnownFileType = sourcecode.metal; path = Shared.metal; sourceTree = "<group>"; };
		51DFFE9A2B9108AD005329D8 /* RenderPipelineStateLibrary.swift */ = {isa = PBXFileReference; lastKnownFileType = sourcecode.swift; path = RenderPipelineStateLibrary.swift; sourceTree = "<group>"; };
		51DFFE9C2B910929005329D8 /* ShaderLibrary.swift */ = {isa = PBXFileReference; lastKnownFileType = sourcecode.swift; path = ShaderLibrary.swift; sourceTree = "<group>"; };
		51DFFE9E2B924B26005329D8 /* Input.swift */ = {isa = PBXFileReference; lastKnownFileType = sourcecode.swift; path = Input.swift; sourceTree = "<group>"; };
		51F008502B8DB98F00745EE9 /* Metal2D.app */ = {isa = PBXFileReference; explicitFileType = wrapper.application; includeInIndex = 0; path = Metal2D.app; sourceTree = BUILT_PRODUCTS_DIR; };
		51F008532B8DB98F00745EE9 /* Metal2DApp.swift */ = {isa = PBXFileReference; lastKnownFileType = sourcecode.swift; path = Metal2DApp.swift; sourceTree = "<group>"; };
		51F008552B8DB98F00745EE9 /* ContentView.swift */ = {isa = PBXFileReference; lastKnownFileType = sourcecode.swift; path = ContentView.swift; sourceTree = "<group>"; };
		51F008572B8DB99100745EE9 /* Assets.xcassets */ = {isa = PBXFileReference; lastKnownFileType = folder.assetcatalog; path = Assets.xcassets; sourceTree = "<group>"; };
		51F0085A2B8DB99100745EE9 /* Preview Assets.xcassets */ = {isa = PBXFileReference; lastKnownFileType = folder.assetcatalog; path = "Preview Assets.xcassets"; sourceTree = "<group>"; };
		51F0085C2B8DB99100745EE9 /* Metal2D.entitlements */ = {isa = PBXFileReference; lastKnownFileType = text.plist.entitlements; path = Metal2D.entitlements; sourceTree = "<group>"; };
		51F008652B8DB9D900745EE9 /* GameView.swift */ = {isa = PBXFileReference; lastKnownFileType = sourcecode.swift; path = GameView.swift; sourceTree = "<group>"; };
		51F008672B8DBAA700745EE9 /* Renderer.swift */ = {isa = PBXFileReference; lastKnownFileType = sourcecode.swift; path = Renderer.swift; sourceTree = "<group>"; };
		51F008692B8DBD5D00745EE9 /* Core.swift */ = {isa = PBXFileReference; lastKnownFileType = sourcecode.swift; path = Core.swift; sourceTree = "<group>"; };
		51F0086B2B8DBEEC00745EE9 /* GameScene.swift */ = {isa = PBXFileReference; lastKnownFileType = sourcecode.swift; path = GameScene.swift; sourceTree = "<group>"; };
		51F0086D2B8DBF1100745EE9 /* Node.swift */ = {isa = PBXFileReference; lastKnownFileType = sourcecode.swift; path = Node.swift; sourceTree = "<group>"; };
		51F0086F2B8DC12200745EE9 /* SandboxScene.swift */ = {isa = PBXFileReference; lastKnownFileType = sourcecode.swift; path = SandboxScene.swift; sourceTree = "<group>"; };
		51F008712B8E69FF00745EE9 /* BasicShaders.metal */ = {isa = PBXFileReference; lastKnownFileType = sourcecode.metal; path = BasicShaders.metal; sourceTree = "<group>"; };
		51F008732B8E6CE900745EE9 /* MetalTypes.swift */ = {isa = PBXFileReference; lastKnownFileType = sourcecode.swift; path = MetalTypes.swift; sourceTree = "<group>"; };
/* End PBXFileReference section */

/* Begin PBXFrameworksBuildPhase section */
		51F0084D2B8DB98F00745EE9 /* Frameworks */ = {
			isa = PBXFrameworksBuildPhase;
			buildActionMask = 2147483647;
			files = (
			);
			runOnlyForDeploymentPostprocessing = 0;
		};
/* End PBXFrameworksBuildPhase section */

/* Begin PBXGroup section */
		51F008472B8DB98F00745EE9 = {
			isa = PBXGroup;
			children = (
				51F008522B8DB98F00745EE9 /* Metal2D */,
				51F008512B8DB98F00745EE9 /* Products */,
			);
			sourceTree = "<group>";
		};
		51F008512B8DB98F00745EE9 /* Products */ = {
			isa = PBXGroup;
			children = (
				51F008502B8DB98F00745EE9 /* Metal2D.app */,
			);
			name = Products;
			sourceTree = "<group>";
		};
		51F008522B8DB98F00745EE9 /* Metal2D */ = {
			isa = PBXGroup;
			children = (
				51F008752B8E708100745EE9 /* Assets */,
				51F008632B8DB9C100745EE9 /* Rendering */,
				51F008622B8DB9B700745EE9 /* Physics */,
				51F008532B8DB98F00745EE9 /* Metal2DApp.swift */,
				51A1912F2B96513A0052B8AE /* SwiftUIInterface.swift */,
				51F008552B8DB98F00745EE9 /* ContentView.swift */,
				51F008652B8DB9D900745EE9 /* GameView.swift */,
				51F008692B8DBD5D00745EE9 /* Core.swift */,
				51F0086B2B8DBEEC00745EE9 /* GameScene.swift */,
				51F0086D2B8DBF1100745EE9 /* Node.swift */,
				51F0086F2B8DC12200745EE9 /* SandboxScene.swift */,
				51DDFC0E2B8FA9A200DF202B /* Camera.swift */,
				51DFFE942B905781005329D8 /* Background.swift */,
				51DFFE9E2B924B26005329D8 /* Input.swift */,
				51F008572B8DB99100745EE9 /* Assets.xcassets */,
				51F0085C2B8DB99100745EE9 /* Metal2D.entitlements */,
				51F008592B8DB99100745EE9 /* Preview Content */,
			);
			path = Metal2D;
			sourceTree = "<group>";
		};
		51F008592B8DB99100745EE9 /* Preview Content */ = {
			isa = PBXGroup;
			children = (
				51F0085A2B8DB99100745EE9 /* Preview Assets.xcassets */,
			);
			path = "Preview Content";
			sourceTree = "<group>";
		};
		51F008622B8DB9B700745EE9 /* Physics */ = {
			isa = PBXGroup;
			children = (
				51096FD72BB6EABA00E58D6E /* PhysicsMath.swift */,
				5150A8C42B961A7F00C55F6F /* FluidWorld.swift */,
				515817B72BB5C0750046253D /* Collide.swift */,
				51096FCF2BB6E41100E58D6E /* Arbiter.swift */,
				51096FD12BB6E51700E58D6E /* PhysicsWorld.swift */,
				51096FD52BB6E57200E58D6E /* Body.swift */,
			);
			path = Physics;
			sourceTree = "<group>";
		};
		51F008632B8DB9C100745EE9 /* Rendering */ = {
			isa = PBXGroup;
			children = (
				51DDFC0C2B8FA1F900DF202B /* RenderMath.swift */,
				51F008672B8DBAA700745EE9 /* Renderer.swift */,
				51DFFE982B910852005329D8 /* Shared.metal */,
				51F008712B8E69FF00745EE9 /* BasicShaders.metal */,
				51DFFE962B910840005329D8 /* BackgroundShaders.metal */,
				5150A8C02B95FE0100C55F6F /* SpeedShader.metal */,
				51F008732B8E6CE900745EE9 /* MetalTypes.swift */,
				51DDFC122B8FB41700DF202B /* MeshLibrary.swift */,
				51DDFC102B8FB2A800DF202B /* Mesh.swift */,
				51DDFC182B8FBB7F00DF202B /* TextureLibrary.swift */,
				51DFFE9A2B9108AD005329D8 /* RenderPipelineStateLibrary.swift */,
				51DFFE9C2B910929005329D8 /* ShaderLibrary.swift */,
			);
			path = Rendering;
			sourceTree = "<group>";
		};
		51F008752B8E708100745EE9 /* Assets */ = {
			isa = PBXGroup;
			children = (
				510A70732BBDAB6800B0D6FD /* cobblestone.png */,
				510A70742BBDAB6800B0D6FD /* pumpkin.png */,
				510A70712BBD8E6B00B0D6FD /* Dirt.png */,
				5150A8C22B95FF7000C55F6F /* SpeedTexture.png */,
				51B99F802B94D0E700CCBD14 /* BackgroundTexture2.png */,
				51DFFE922B9056A2005329D8 /* BackgroundTexture1.png */,
				51DDFC142B8FBB6300DF202B /* TextureGray.png */,
				51DDFC152B8FBB6300DF202B /* TextureOrange.png */,
			);
			path = Assets;
			sourceTree = "<group>";
		};
/* End PBXGroup section */

/* Begin PBXNativeTarget section */
		51F0084F2B8DB98F00745EE9 /* Metal2D */ = {
			isa = PBXNativeTarget;
			buildConfigurationList = 51F0085F2B8DB99100745EE9 /* Build configuration list for PBXNativeTarget "Metal2D" */;
			buildPhases = (
				51F0084C2B8DB98F00745EE9 /* Sources */,
				51F0084D2B8DB98F00745EE9 /* Frameworks */,
				51F0084E2B8DB98F00745EE9 /* Resources */,
			);
			buildRules = (
			);
			dependencies = (
			);
			name = Metal2D;
			productName = Metal2D;
			productReference = 51F008502B8DB98F00745EE9 /* Metal2D.app */;
			productType = "com.apple.product-type.application";
		};
/* End PBXNativeTarget section */

/* Begin PBXProject section */
		51F008482B8DB98F00745EE9 /* Project object */ = {
			isa = PBXProject;
			attributes = {
				BuildIndependentTargetsInParallel = 1;
				LastSwiftUpdateCheck = 1520;
				LastUpgradeCheck = 1530;
				TargetAttributes = {
					51F0084F2B8DB98F00745EE9 = {
						CreatedOnToolsVersion = 15.2;
					};
				};
			};
			buildConfigurationList = 51F0084B2B8DB98F00745EE9 /* Build configuration list for PBXProject "Metal2D" */;
			compatibilityVersion = "Xcode 14.0";
			developmentRegion = en;
			hasScannedForEncodings = 0;
			knownRegions = (
				en,
				Base,
			);
			mainGroup = 51F008472B8DB98F00745EE9;
			productRefGroup = 51F008512B8DB98F00745EE9 /* Products */;
			projectDirPath = "";
			projectRoot = "";
			targets = (
				51F0084F2B8DB98F00745EE9 /* Metal2D */,
			);
		};
/* End PBXProject section */

/* Begin PBXResourcesBuildPhase section */
		51F0084E2B8DB98F00745EE9 /* Resources */ = {
			isa = PBXResourcesBuildPhase;
			buildActionMask = 2147483647;
			files = (
				51DFFE932B9056A2005329D8 /* BackgroundTexture1.png in Resources */,
				51F0085B2B8DB99100745EE9 /* Preview Assets.xcassets in Resources */,
				510A70762BBDAB6800B0D6FD /* pumpkin.png in Resources */,
				510A70722BBD8E6B00B0D6FD /* Dirt.png in Resources */,
				51B99F812B94D0E700CCBD14 /* BackgroundTexture2.png in Resources */,
				51DDFC172B8FBB6400DF202B /* TextureOrange.png in Resources */,
				51DDFC162B8FBB6400DF202B /* TextureGray.png in Resources */,
				5150A8C32B95FF7000C55F6F /* SpeedTexture.png in Resources */,
				510A70752BBDAB6800B0D6FD /* cobblestone.png in Resources */,
				51F008582B8DB99100745EE9 /* Assets.xcassets in Resources */,
			);
			runOnlyForDeploymentPostprocessing = 0;
		};
/* End PBXResourcesBuildPhase section */

/* Begin PBXSourcesBuildPhase section */
		51F0084C2B8DB98F00745EE9 /* Sources */ = {
			isa = PBXSourcesBuildPhase;
			buildActionMask = 2147483647;
			files = (
				51DFFE9F2B924B26005329D8 /* Input.swift in Sources */,
				51096FD02BB6E41100E58D6E /* Arbiter.swift in Sources */,
				51F008682B8DBAA700745EE9 /* Renderer.swift in Sources */,
				51DDFC112B8FB2A800DF202B /* Mesh.swift in Sources */,
				51F008562B8DB98F00745EE9 /* ContentView.swift in Sources */,
				51F008702B8DC12200745EE9 /* SandboxScene.swift in Sources */,
				51DFFE992B910852005329D8 /* Shared.metal in Sources */,
				51DDFC132B8FB41700DF202B /* MeshLibrary.swift in Sources */,
				51F0086C2B8DBEEC00745EE9 /* GameScene.swift in Sources */,
				51F008662B8DB9D900745EE9 /* GameView.swift in Sources */,
				51F008742B8E6CE900745EE9 /* MetalTypes.swift in Sources */,
				5150A8C12B95FE0100C55F6F /* SpeedShader.metal in Sources */,
				51A191302B96513A0052B8AE /* SwiftUIInterface.swift in Sources */,
				51096FD62BB6E57200E58D6E /* Body.swift in Sources */,
				51F0086A2B8DBD5D00745EE9 /* Core.swift in Sources */,
				515817B82BB5C0750046253D /* Collide.swift in Sources */,
				51096FD22BB6E51700E58D6E /* PhysicsWorld.swift in Sources */,
				51DFFE9D2B910929005329D8 /* ShaderLibrary.swift in Sources */,
				51F008542B8DB98F00745EE9 /* Metal2DApp.swift in Sources */,
				51DDFC192B8FBB7F00DF202B /* TextureLibrary.swift in Sources */,
				51DFFE9B2B9108AD005329D8 /* RenderPipelineStateLibrary.swift in Sources */,
				51DFFE972B910840005329D8 /* BackgroundShaders.metal in Sources */,
				51DDFC0F2B8FA9A200DF202B /* Camera.swift in Sources */,
				51DDFC0D2B8FA1F900DF202B /* RenderMath.swift in Sources */,
				51DFFE952B905781005329D8 /* Background.swift in Sources */,
				51F0086E2B8DBF1100745EE9 /* Node.swift in Sources */,
				51F008722B8E69FF00745EE9 /* BasicShaders.metal in Sources */,
				5150A8C52B961A7F00C55F6F /* FluidWorld.swift in Sources */,
				51096FD82BB6EABA00E58D6E /* PhysicsMath.swift in Sources */,
			);
			runOnlyForDeploymentPostprocessing = 0;
		};
/* End PBXSourcesBuildPhase section */

/* Begin XCBuildConfiguration section */
		51F0085D2B8DB99100745EE9 /* Debug */ = {
			isa = XCBuildConfiguration;
			buildSettings = {
				ALWAYS_SEARCH_USER_PATHS = NO;
				ASSETCATALOG_COMPILER_GENERATE_SWIFT_ASSET_SYMBOL_EXTENSIONS = YES;
				CLANG_ANALYZER_NONNULL = YES;
				CLANG_ANALYZER_NUMBER_OBJECT_CONVERSION = YES_AGGRESSIVE;
				CLANG_CXX_LANGUAGE_STANDARD = "gnu++20";
				CLANG_ENABLE_MODULES = YES;
				CLANG_ENABLE_OBJC_ARC = YES;
				CLANG_ENABLE_OBJC_WEAK = YES;
				CLANG_WARN_BLOCK_CAPTURE_AUTORELEASING = YES;
				CLANG_WARN_BOOL_CONVERSION = YES;
				CLANG_WARN_COMMA = YES;
				CLANG_WARN_CONSTANT_CONVERSION = YES;
				CLANG_WARN_DEPRECATED_OBJC_IMPLEMENTATIONS = YES;
				CLANG_WARN_DIRECT_OBJC_ISA_USAGE = YES_ERROR;
				CLANG_WARN_DOCUMENTATION_COMMENTS = YES;
				CLANG_WARN_EMPTY_BODY = YES;
				CLANG_WARN_ENUM_CONVERSION = YES;
				CLANG_WARN_INFINITE_RECURSION = YES;
				CLANG_WARN_INT_CONVERSION = YES;
				CLANG_WARN_NON_LITERAL_NULL_CONVERSION = YES;
				CLANG_WARN_OBJC_IMPLICIT_RETAIN_SELF = YES;
				CLANG_WARN_OBJC_LITERAL_CONVERSION = YES;
				CLANG_WARN_OBJC_ROOT_CLASS = YES_ERROR;
				CLANG_WARN_QUOTED_INCLUDE_IN_FRAMEWORK_HEADER = YES;
				CLANG_WARN_RANGE_LOOP_ANALYSIS = YES;
				CLANG_WARN_STRICT_PROTOTYPES = YES;
				CLANG_WARN_SUSPICIOUS_MOVE = YES;
				CLANG_WARN_UNGUARDED_AVAILABILITY = YES_AGGRESSIVE;
				CLANG_WARN_UNREACHABLE_CODE = YES;
				CLANG_WARN__DUPLICATE_METHOD_MATCH = YES;
				COPY_PHASE_STRIP = NO;
				DEAD_CODE_STRIPPING = YES;
				DEBUG_INFORMATION_FORMAT = dwarf;
				ENABLE_STRICT_OBJC_MSGSEND = YES;
				ENABLE_TESTABILITY = YES;
				ENABLE_USER_SCRIPT_SANDBOXING = YES;
				GCC_C_LANGUAGE_STANDARD = gnu17;
				GCC_DYNAMIC_NO_PIC = NO;
				GCC_NO_COMMON_BLOCKS = YES;
				GCC_OPTIMIZATION_LEVEL = 0;
				GCC_PREPROCESSOR_DEFINITIONS = (
					"DEBUG=1",
					"$(inherited)",
				);
				GCC_WARN_64_TO_32_BIT_CONVERSION = YES;
				GCC_WARN_ABOUT_RETURN_TYPE = YES_ERROR;
				GCC_WARN_UNDECLARED_SELECTOR = YES;
				GCC_WARN_UNINITIALIZED_AUTOS = YES_AGGRESSIVE;
				GCC_WARN_UNUSED_FUNCTION = YES;
				GCC_WARN_UNUSED_VARIABLE = YES;
				LOCALIZATION_PREFERS_STRING_CATALOGS = YES;
				MACOSX_DEPLOYMENT_TARGET = 14.2;
				MTL_ENABLE_DEBUG_INFO = INCLUDE_SOURCE;
				MTL_FAST_MATH = YES;
				ONLY_ACTIVE_ARCH = YES;
				SDKROOT = macosx;
				SWIFT_ACTIVE_COMPILATION_CONDITIONS = "DEBUG $(inherited)";
				SWIFT_OPTIMIZATION_LEVEL = "-Onone";
			};
			name = Debug;
		};
		51F0085E2B8DB99100745EE9 /* Release */ = {
			isa = XCBuildConfiguration;
			buildSettings = {
				ALWAYS_SEARCH_USER_PATHS = NO;
				ASSETCATALOG_COMPILER_GENERATE_SWIFT_ASSET_SYMBOL_EXTENSIONS = YES;
				CLANG_ANALYZER_NONNULL = YES;
				CLANG_ANALYZER_NUMBER_OBJECT_CONVERSION = YES_AGGRESSIVE;
				CLANG_CXX_LANGUAGE_STANDARD = "gnu++20";
				CLANG_ENABLE_MODULES = YES;
				CLANG_ENABLE_OBJC_ARC = YES;
				CLANG_ENABLE_OBJC_WEAK = YES;
				CLANG_WARN_BLOCK_CAPTURE_AUTORELEASING = YES;
				CLANG_WARN_BOOL_CONVERSION = YES;
				CLANG_WARN_COMMA = YES;
				CLANG_WARN_CONSTANT_CONVERSION = YES;
				CLANG_WARN_DEPRECATED_OBJC_IMPLEMENTATIONS = YES;
				CLANG_WARN_DIRECT_OBJC_ISA_USAGE = YES_ERROR;
				CLANG_WARN_DOCUMENTATION_COMMENTS = YES;
				CLANG_WARN_EMPTY_BODY = YES;
				CLANG_WARN_ENUM_CONVERSION = YES;
				CLANG_WARN_INFINITE_RECURSION = YES;
				CLANG_WARN_INT_CONVERSION = YES;
				CLANG_WARN_NON_LITERAL_NULL_CONVERSION = YES;
				CLANG_WARN_OBJC_IMPLICIT_RETAIN_SELF = YES;
				CLANG_WARN_OBJC_LITERAL_CONVERSION = YES;
				CLANG_WARN_OBJC_ROOT_CLASS = YES_ERROR;
				CLANG_WARN_QUOTED_INCLUDE_IN_FRAMEWORK_HEADER = YES;
				CLANG_WARN_RANGE_LOOP_ANALYSIS = YES;
				CLANG_WARN_STRICT_PROTOTYPES = YES;
				CLANG_WARN_SUSPICIOUS_MOVE = YES;
				CLANG_WARN_UNGUARDED_AVAILABILITY = YES_AGGRESSIVE;
				CLANG_WARN_UNREACHABLE_CODE = YES;
				CLANG_WARN__DUPLICATE_METHOD_MATCH = YES;
				COPY_PHASE_STRIP = NO;
				DEAD_CODE_STRIPPING = YES;
				DEBUG_INFORMATION_FORMAT = "dwarf-with-dsym";
				ENABLE_NS_ASSERTIONS = NO;
				ENABLE_STRICT_OBJC_MSGSEND = YES;
				ENABLE_USER_SCRIPT_SANDBOXING = YES;
				GCC_C_LANGUAGE_STANDARD = gnu17;
				GCC_NO_COMMON_BLOCKS = YES;
				GCC_WARN_64_TO_32_BIT_CONVERSION = YES;
				GCC_WARN_ABOUT_RETURN_TYPE = YES_ERROR;
				GCC_WARN_UNDECLARED_SELECTOR = YES;
				GCC_WARN_UNINITIALIZED_AUTOS = YES_AGGRESSIVE;
				GCC_WARN_UNUSED_FUNCTION = YES;
				GCC_WARN_UNUSED_VARIABLE = YES;
				LOCALIZATION_PREFERS_STRING_CATALOGS = YES;
				MACOSX_DEPLOYMENT_TARGET = 14.2;
				MTL_ENABLE_DEBUG_INFO = NO;
				MTL_FAST_MATH = YES;
				SDKROOT = macosx;
				SWIFT_COMPILATION_MODE = wholemodule;
			};
			name = Release;
		};
		51F008602B8DB99100745EE9 /* Debug */ = {
			isa = XCBuildConfiguration;
			buildSettings = {
				ASSETCATALOG_COMPILER_APPICON_NAME = AppIcon;
				ASSETCATALOG_COMPILER_GLOBAL_ACCENT_COLOR_NAME = AccentColor;
				CODE_SIGN_ENTITLEMENTS = Metal2D/Metal2D.entitlements;
				CODE_SIGN_STYLE = Automatic;
				COMBINE_HIDPI_IMAGES = YES;
				CURRENT_PROJECT_VERSION = 1;
				DEAD_CODE_STRIPPING = YES;
				DEVELOPMENT_ASSET_PATHS = "\"Metal2D/Preview Content\"";
				DEVELOPMENT_TEAM = B8J394Q4M8;
				ENABLE_HARDENED_RUNTIME = YES;
				ENABLE_PREVIEWS = YES;
				GENERATE_INFOPLIST_FILE = YES;
				INFOPLIST_KEY_NSHumanReadableCopyright = "";
				LD_RUNPATH_SEARCH_PATHS = (
					"$(inherited)",
					"@executable_path/../Frameworks",
				);
				MARKETING_VERSION = 1.0;
				PRODUCT_BUNDLE_IDENTIFIER = com.KudeKube.Metal2D;
				PRODUCT_NAME = "$(TARGET_NAME)";
				SWIFT_EMIT_LOC_STRINGS = YES;
				SWIFT_VERSION = 5.0;
			};
			name = Debug;
		};
		51F008612B8DB99100745EE9 /* Release */ = {
			isa = XCBuildConfiguration;
			buildSettings = {
				ASSETCATALOG_COMPILER_APPICON_NAME = AppIcon;
				ASSETCATALOG_COMPILER_GLOBAL_ACCENT_COLOR_NAME = AccentColor;
				CODE_SIGN_ENTITLEMENTS = Metal2D/Metal2D.entitlements;
				CODE_SIGN_STYLE = Automatic;
				COMBINE_HIDPI_IMAGES = YES;
				CURRENT_PROJECT_VERSION = 1;
				DEAD_CODE_STRIPPING = YES;
				DEVELOPMENT_ASSET_PATHS = "\"Metal2D/Preview Content\"";
				DEVELOPMENT_TEAM = B8J394Q4M8;
				ENABLE_HARDENED_RUNTIME = YES;
				ENABLE_PREVIEWS = YES;
				GENERATE_INFOPLIST_FILE = YES;
				INFOPLIST_KEY_NSHumanReadableCopyright = "";
				LD_RUNPATH_SEARCH_PATHS = (
					"$(inherited)",
					"@executable_path/../Frameworks",
				);
				MARKETING_VERSION = 1.0;
				PRODUCT_BUNDLE_IDENTIFIER = com.KudeKube.Metal2D;
				PRODUCT_NAME = "$(TARGET_NAME)";
				SWIFT_EMIT_LOC_STRINGS = YES;
				SWIFT_VERSION = 5.0;
			};
			name = Release;
		};
/* End XCBuildConfiguration section */

/* Begin XCConfigurationList section */
		51F0084B2B8DB98F00745EE9 /* Build configuration list for PBXProject "Metal2D" */ = {
			isa = XCConfigurationList;
			buildConfigurations = (
				51F0085D2B8DB99100745EE9 /* Debug */,
				51F0085E2B8DB99100745EE9 /* Release */,
			);
			defaultConfigurationIsVisible = 0;
			defaultConfigurationName = Release;
		};
		51F0085F2B8DB99100745EE9 /* Build configuration list for PBXNativeTarget "Metal2D" */ = {
			isa = XCConfigurationList;
			buildConfigurations = (
				51F008602B8DB99100745EE9 /* Debug */,
				51F008612B8DB99100745EE9 /* Release */,
			);
			defaultConfigurationIsVisible = 0;
			defaultConfigurationName = Release;
		};
/* End XCConfigurationList section */
	};
	rootObject = 51F008482B8DB98F00745EE9 /* Project object */;
}
